
Microsoft Visual Studio Solution File, Format Version 12.00
# Visual Studio Version 17
VisualStudioVersion = 17.0.31903.59
MinimumVisualStudioVersion = 10.0.40219.1
Project("{FAE04EC0-301F-11D3-BF4B-00C04F79EFBC}") = "TempService", "TempService\TempService.csproj", "{4D157D3B-B430-4A23-A27A-A323BBB20923}"
EndProject
Project("{FAE04EC0-301F-11D3-BF4B-00C04F79EFBC}") = "TempService.Tests", "TempService.Tests\TempService.Tests.csproj", "{BC2DCF77-790D-45B6-9587-F8384D73CC1A}"
EndProject
Global
	GlobalSection(SolutionConfigurationPlatforms) = preSolution
		Debug|Any CPU = Debug|Any CPU
		Release|Any CPU = Release|Any CPU
	EndGlobalSection
	GlobalSection(SolutionProperties) = preSolution
		HideSolutionNode = FALSE
	EndGlobalSection
	GlobalSection(ProjectConfigurationPlatforms) = postSolution
		{4D157D3B-B430-4A23-A27A-A323BBB20923}.Debug|Any CPU.ActiveCfg = Debug|Any CPU
		{4D157D3B-B430-4A23-A27A-A323BBB20923}.Debug|Any CPU.Build.0 = Debug|Any CPU
		{4D157D3B-B430-4A23-A27A-A323BBB20923}.Release|Any CPU.ActiveCfg = Release|Any CPU
		{4D157D3B-B430-4A23-A27A-A323BBB20923}.Release|Any CPU.Build.0 = Release|Any CPU
		{BC2DCF77-790D-45B6-9587-F8384D73CC1A}.Debug|Any CPU.ActiveCfg = Debug|Any CPU
		{BC2DCF77-790D-45B6-9587-F8384D73CC1A}.Debug|Any CPU.Build.0 = Debug|Any CPU
		{BC2DCF77-790D-45B6-9587-F8384D73CC1A}.Release|Any CPU.ActiveCfg = Release|Any CPU
		{BC2DCF77-790D-45B6-9587-F8384D73CC1A}.Release|Any CPU.Build.0 = Release|Any CPU
	EndGlobalSection
EndGlobal
